
Microsoft Visual Studio Solution File, Format Version 11.00
# Visual Studio 2010
Project("{8BC9CEB8-8B4A-11D0-8D11-00A0C91BC942}") = "SUEX_HelloWorld", "Hello World\Hello World.vcxproj", "{25BA2DB4-7E96-4095-89F9-CBA14FB0EC52}"
EndProject
Project("{8BC9CEB8-8B4A-11D0-8D11-00A0C91BC942}") = "SUEX_UsingSWIG", "SUEX_UsingSWIG\SUEX_UsingSWIG.vcxproj", "{6BB18FFA-5E5C-4B51-B09C-2F0C009CF4E4}"
EndProject
Global
	GlobalSection(SolutionConfigurationPlatforms) = preSolution
		Debug (1.8)|Win32 = Debug (1.8)|Win32
		Debug (2.0)|Win32 = Debug (2.0)|Win32
		Release (1.8)|Win32 = Release (1.8)|Win32
		Release (2.0)|Win32 = Release (2.0)|Win32
	EndGlobalSection
	GlobalSection(ProjectConfigurationPlatforms) = postSolution
		{25BA2DB4-7E96-4095-89F9-CBA14FB0EC52}.Debug (1.8)|Win32.ActiveCfg = Debug (1.8)|Win32
		{25BA2DB4-7E96-4095-89F9-CBA14FB0EC52}.Debug (1.8)|Win32.Build.0 = Debug (1.8)|Win32
		{25BA2DB4-7E96-4095-89F9-CBA14FB0EC52}.Debug (2.0)|Win32.ActiveCfg = Debug (2.0)|Win32
		{25BA2DB4-7E96-4095-89F9-CBA14FB0EC52}.Debug (2.0)|Win32.Build.0 = Debug (2.0)|Win32
		{25BA2DB4-7E96-4095-89F9-CBA14FB0EC52}.Release (1.8)|Win32.ActiveCfg = Release (1.8)|Win32
		{25BA2DB4-7E96-4095-89F9-CBA14FB0EC52}.Release (1.8)|Win32.Build.0 = Release (1.8)|Win32
		{25BA2DB4-7E96-4095-89F9-CBA14FB0EC52}.Release (2.0)|Win32.ActiveCfg = Release (2.0)|Win32
		{25BA2DB4-7E96-4095-89F9-CBA14FB0EC52}.Release (2.0)|Win32.Build.0 = Release (2.0)|Win32
		{6BB18FFA-5E5C-4B51-B09C-2F0C009CF4E4}.Debug (1.8)|Win32.ActiveCfg = Debug (2.0)|Win32
		{6BB18FFA-5E5C-4B51-B09C-2F0C009CF4E4}.Debug (1.8)|Win32.Build.0 = Debug (2.0)|Win32
		{6BB18FFA-5E5C-4B51-B09C-2F0C009CF4E4}.Debug (2.0)|Win32.ActiveCfg = Debug (2.0)|Win32
		{6BB18FFA-5E5C-4B51-B09C-2F0C009CF4E4}.Debug (2.0)|Win32.Build.0 = Debug (2.0)|Win32
		{6BB18FFA-5E5C-4B51-B09C-2F0C009CF4E4}.Release (1.8)|Win32.ActiveCfg = Release (2.0)|Win32
		{6BB18FFA-5E5C-4B51-B09C-2F0C009CF4E4}.Release (1.8)|Win32.Build.0 = Release (2.0)|Win32
		{6BB18FFA-5E5C-4B51-B09C-2F0C009CF4E4}.Release (2.0)|Win32.ActiveCfg = Release (2.0)|Win32
		{6BB18FFA-5E5C-4B51-B09C-2F0C009CF4E4}.Release (2.0)|Win32.Build.0 = Release (2.0)|Win32
	EndGlobalSection
	GlobalSection(SolutionProperties) = preSolution
		HideSolutionNode = FALSE
	EndGlobalSection
EndGlobal
